
Microsoft Visual Studio Solution File, Format Version 12.00
# Visual Studio Version 16
VisualStudioVersion = 16.0.30611.23
MinimumVisualStudioVersion = 10.0.40219.1
Project("{FAE04EC0-301F-11D3-BF4B-00C04F79EFBC}") = "AccedeTeams", "AccedeTeams.csproj", "{97F8B598-75B1-477E-A24C-3699A85CB384}"
EndProject
Project("{FAE04EC0-301F-11D3-BF4B-00C04F79EFBC}") = "AccedeTeams.Domain", "..\AccedeTeams.Domain\AccedeTeams.Domain.csproj", "{40821244-F25C-4966-8190-E1C18DEFAA63}"
EndProject
Global
	GlobalSection(SolutionConfigurationPlatforms) = preSolution
		Debug|Any CPU = Debug|Any CPU
		Release|Any CPU = Release|Any CPU
	EndGlobalSection
	GlobalSection(ProjectConfigurationPlatforms) = postSolution
		{97F8B598-75B1-477E-A24C-3699A85CB384}.Debug|Any CPU.ActiveCfg = Debug|Any CPU
		{97F8B598-75B1-477E-A24C-3699A85CB384}.Debug|Any CPU.Build.0 = Debug|Any CPU
		{97F8B598-75B1-477E-A24C-3699A85CB384}.Release|Any CPU.ActiveCfg = Release|Any CPU
		{97F8B598-75B1-477E-A24C-3699A85CB384}.Release|Any CPU.Build.0 = Release|Any CPU
		{40821244-F25C-4966-8190-E1C18DEFAA63}.Debug|Any CPU.ActiveCfg = Debug|Any CPU
		{40821244-F25C-4966-8190-E1C18DEFAA63}.Debug|Any CPU.Build.0 = Debug|Any CPU
		{40821244-F25C-4966-8190-E1C18DEFAA63}.Release|Any CPU.ActiveCfg = Release|Any CPU
		{40821244-F25C-4966-8190-E1C18DEFAA63}.Release|Any CPU.Build.0 = Release|Any CPU
	EndGlobalSection
	GlobalSection(SolutionProperties) = preSolution
		HideSolutionNode = FALSE
	EndGlobalSection
	GlobalSection(ExtensibilityGlobals) = postSolution
		SolutionGuid = {8FF81231-68B1-4204-A1BA-1F8022A9B2F0}
	EndGlobalSection
EndGlobal
